
Microsoft Visual Studio Solution File, Format Version 12.00
# Visual Studio Version 17
VisualStudioVersion = 17.9.34723.18
MinimumVisualStudioVersion = 10.0.40219.1
Project("{FAE04EC0-301F-11D3-BF4B-00C04F79EFBC}") = "CDP", "CDP\CDP.csproj", "{EF7C6A02-D600-4D11-B9E6-FBDC0062BB46}"
EndProject
Global
	GlobalSection(SolutionConfigurationPlatforms) = preSolution
		Debug|Any CPU = Debug|Any CPU
		Release|Any CPU = Release|Any CPU
	EndGlobalSection
	GlobalSection(ProjectConfigurationPlatforms) = postSolution
		{EF7C6A02-D600-4D11-B9E6-FBDC0062BB46}.Debug|Any CPU.ActiveCfg = Debug|Any CPU
		{EF7C6A02-D600-4D11-B9E6-FBDC0062BB46}.Debug|Any CPU.Build.0 = Debug|Any CPU
		{EF7C6A02-D600-4D11-B9E6-FBDC0062BB46}.Release|Any CPU.ActiveCfg = Release|Any CPU
		{EF7C6A02-D600-4D11-B9E6-FBDC0062BB46}.Release|Any CPU.Build.0 = Release|Any CPU
	EndGlobalSection
	GlobalSection(SolutionProperties) = preSolution
		HideSolutionNode = FALSE
	EndGlobalSection
	GlobalSection(ExtensibilityGlobals) = postSolution
		SolutionGuid = {52EAEE89-FE3D-439A-8913-93E5174769C2}
	EndGlobalSection
EndGlobal
